
Microsoft Visual Studio Solution File, Format Version 12.00
# Visual Studio Version 16
VisualStudioVersion = 16.0.29418.71
MinimumVisualStudioVersion = 10.0.40219.1
Project("{FAE04EC0-301F-11D3-BF4B-00C04F79EFBC}") = "ParseMagic", "ParseMagic\ParseMagic.csproj", "{6EAF41B0-8E47-4455-937F-CB2EBD62FD64}"
EndProject
Project("{54435603-DBB4-11D2-8724-00A0C9A8B90C}") = "ParseMagicSetup", "ParseMagicSetup\ParseMagicSetup.vdproj", "{ACF25964-2E5F-469D-90AC-9A2AC5EC7C77}"
EndProject
Global
	GlobalSection(SolutionConfigurationPlatforms) = preSolution
		Debug|Any CPU = Debug|Any CPU
		Release|Any CPU = Release|Any CPU
	EndGlobalSection
	GlobalSection(ProjectConfigurationPlatforms) = postSolution
		{6EAF41B0-8E47-4455-937F-CB2EBD62FD64}.Debug|Any CPU.ActiveCfg = Debug|Any CPU
		{6EAF41B0-8E47-4455-937F-CB2EBD62FD64}.Debug|Any CPU.Build.0 = Debug|Any CPU
		{6EAF41B0-8E47-4455-937F-CB2EBD62FD64}.Release|Any CPU.ActiveCfg = Release|Any CPU
		{6EAF41B0-8E47-4455-937F-CB2EBD62FD64}.Release|Any CPU.Build.0 = Release|Any CPU
		{ACF25964-2E5F-469D-90AC-9A2AC5EC7C77}.Debug|Any CPU.ActiveCfg = Debug
		{ACF25964-2E5F-469D-90AC-9A2AC5EC7C77}.Release|Any CPU.ActiveCfg = Release
	EndGlobalSection
	GlobalSection(SolutionProperties) = preSolution
		HideSolutionNode = FALSE
	EndGlobalSection
	GlobalSection(ExtensibilityGlobals) = postSolution
		SolutionGuid = {2A014BDF-D605-46A6-8E63-4A603F5D9CF3}
	EndGlobalSection
EndGlobal
